
Microsoft Visual Studio Solution File, Format Version 12.00
# Visual Studio 15
VisualStudioVersion = 15.0.28307.489
MinimumVisualStudioVersion = 10.0.40219.1
Project("{FAE04EC0-301F-11D3-BF4B-00C04F79EFBC}") = "Parallelization", "Parallelization\Parallelization.csproj", "{C5E7DCC4-C121-456D-AAA4-B95C66EED623}"
EndProject
Global
	GlobalSection(SolutionConfigurationPlatforms) = preSolution
		Debug|Any CPU = Debug|Any CPU
		Release|Any CPU = Release|Any CPU
	EndGlobalSection
	GlobalSection(ProjectConfigurationPlatforms) = postSolution
		{C5E7DCC4-C121-456D-AAA4-B95C66EED623}.Debug|Any CPU.ActiveCfg = Debug|Any CPU
		{C5E7DCC4-C121-456D-AAA4-B95C66EED623}.Debug|Any CPU.Build.0 = Debug|Any CPU
		{C5E7DCC4-C121-456D-AAA4-B95C66EED623}.Release|Any CPU.ActiveCfg = Release|Any CPU
		{C5E7DCC4-C121-456D-AAA4-B95C66EED623}.Release|Any CPU.Build.0 = Release|Any CPU
	EndGlobalSection
	GlobalSection(SolutionProperties) = preSolution
		HideSolutionNode = FALSE
	EndGlobalSection
	GlobalSection(ExtensibilityGlobals) = postSolution
		SolutionGuid = {A70FDC80-0968-4B2A-9355-7AF47C84150F}
	EndGlobalSection
EndGlobal
